// !$*UTF8*$!
{
	archiveVersion = 1;
	classes = {
	};
	objectVersion = 56;
	objects = {

/* Begin PBXBuildFile section */
		9A859C512BDA0F2C003A4418 /* UsersTableVCTests.swift in Sources */ = {isa = PBXBuildFile; fileRef = 9A859C502BDA0F2C003A4418 /* UsersTableVCTests.swift */; };
		9A859C532BDA3985003A4418 /* UserViewController+Extension.swift in Sources */ = {isa = PBXBuildFile; fileRef = 9A859C522BDA3985003A4418 /* UserViewController+Extension.swift */; };
		9ABE1D3B2BD89D5400C3C6F4 /* AppDelegate.swift in Sources */ = {isa = PBXBuildFile; fileRef = 9ABE1D3A2BD89D5400C3C6F4 /* AppDelegate.swift */; };
		9ABE1D3D2BD89D5400C3C6F4 /* SceneDelegate.swift in Sources */ = {isa = PBXBuildFile; fileRef = 9ABE1D3C2BD89D5400C3C6F4 /* SceneDelegate.swift */; };
		9ABE1D442BD89D5600C3C6F4 /* Assets.xcassets in Resources */ = {isa = PBXBuildFile; fileRef = 9ABE1D432BD89D5600C3C6F4 /* Assets.xcassets */; };
		9ABE1D472BD89D5600C3C6F4 /* Base in Resources */ = {isa = PBXBuildFile; fileRef = 9ABE1D462BD89D5600C3C6F4 /* Base */; };
		9ABE1D5C2BD89D5600C3C6F4 /* viperexampleUITests.swift in Sources */ = {isa = PBXBuildFile; fileRef = 9ABE1D5B2BD89D5600C3C6F4 /* viperexampleUITests.swift */; };
		9ABE1D5E2BD89D5600C3C6F4 /* viperexampleUITestsLaunchTests.swift in Sources */ = {isa = PBXBuildFile; fileRef = 9ABE1D5D2BD89D5600C3C6F4 /* viperexampleUITestsLaunchTests.swift */; };
		9ABE1D6C2BD89E5300C3C6F4 /* View.swift in Sources */ = {isa = PBXBuildFile; fileRef = 9ABE1D6B2BD89E5300C3C6F4 /* View.swift */; };
		9ABE1D6E2BD89E6200C3C6F4 /* Interactor.swift in Sources */ = {isa = PBXBuildFile; fileRef = 9ABE1D6D2BD89E6200C3C6F4 /* Interactor.swift */; };
		9ABE1D702BD89E6F00C3C6F4 /* Presenter.swift in Sources */ = {isa = PBXBuildFile; fileRef = 9ABE1D6F2BD89E6F00C3C6F4 /* Presenter.swift */; };
		9ABE1D722BD89E8300C3C6F4 /* Entity.swift in Sources */ = {isa = PBXBuildFile; fileRef = 9ABE1D712BD89E8300C3C6F4 /* Entity.swift */; };
		9ABE1D742BD89E8E00C3C6F4 /* Router.swift in Sources */ = {isa = PBXBuildFile; fileRef = 9ABE1D732BD89E8E00C3C6F4 /* Router.swift */; };
/* End PBXBuildFile section */

/* Begin PBXContainerItemProxy section */
		9ABE1D4E2BD89D5600C3C6F4 /* PBXContainerItemProxy */ = {
			isa = PBXContainerItemProxy;
			containerPortal = 9ABE1D2F2BD89D5400C3C6F4 /* Project object */;
			proxyType = 1;
			remoteGlobalIDString = 9ABE1D362BD89D5400C3C6F4;
			remoteInfo = viperexample;
		};
		9ABE1D582BD89D5600C3C6F4 /* PBXContainerItemProxy */ = {
			isa = PBXContainerItemProxy;
			containerPortal = 9ABE1D2F2BD89D5400C3C6F4 /* Project object */;
			proxyType = 1;
			remoteGlobalIDString = 9ABE1D362BD89D5400C3C6F4;
			remoteInfo = viperexample;
		};
/* End PBXContainerItemProxy section */

/* Begin PBXFileReference section */
		9A859C502BDA0F2C003A4418 /* UsersTableVCTests.swift */ = {isa = PBXFileReference; lastKnownFileType = sourcecode.swift; path = UsersTableVCTests.swift; sourceTree = "<group>"; };
		9A859C522BDA3985003A4418 /* UserViewController+Extension.swift */ = {isa = PBXFileReference; lastKnownFileType = sourcecode.swift; path = "UserViewController+Extension.swift"; sourceTree = "<group>"; };
		9ABE1D372BD89D5400C3C6F4 /* viperexample.app */ = {isa = PBXFileReference; explicitFileType = wrapper.application; includeInIndex = 0; path = viperexample.app; sourceTree = BUILT_PRODUCTS_DIR; };
		9ABE1D3A2BD89D5400C3C6F4 /* AppDelegate.swift */ = {isa = PBXFileReference; lastKnownFileType = sourcecode.swift; path = AppDelegate.swift; sourceTree = "<group>"; };
		9ABE1D3C2BD89D5400C3C6F4 /* SceneDelegate.swift */ = {isa = PBXFileReference; lastKnownFileType = sourcecode.swift; path = SceneDelegate.swift; sourceTree = "<group>"; };
		9ABE1D432BD89D5600C3C6F4 /* Assets.xcassets */ = {isa = PBXFileReference; lastKnownFileType = folder.assetcatalog; path = Assets.xcassets; sourceTree = "<group>"; };
		9ABE1D462BD89D5600C3C6F4 /* Base */ = {isa = PBXFileReference; lastKnownFileType = file.storyboard; name = Base; path = Base.lproj/LaunchScreen.storyboard; sourceTree = "<group>"; };
		9ABE1D482BD89D5600C3C6F4 /* Info.plist */ = {isa = PBXFileReference; lastKnownFileType = text.plist.xml; path = Info.plist; sourceTree = "<group>"; };
		9ABE1D4D2BD89D5600C3C6F4 /* viperexampleTests.xctest */ = {isa = PBXFileReference; explicitFileType = wrapper.cfbundle; includeInIndex = 0; path = viperexampleTests.xctest; sourceTree = BUILT_PRODUCTS_DIR; };
		9ABE1D572BD89D5600C3C6F4 /* viperexampleUITests.xctest */ = {isa = PBXFileReference; explicitFileType = wrapper.cfbundle; includeInIndex = 0; path = viperexampleUITests.xctest; sourceTree = BUILT_PRODUCTS_DIR; };
		9ABE1D5B2BD89D5600C3C6F4 /* viperexampleUITests.swift */ = {isa = PBXFileReference; lastKnownFileType = sourcecode.swift; path = viperexampleUITests.swift; sourceTree = "<group>"; };
		9ABE1D5D2BD89D5600C3C6F4 /* viperexampleUITestsLaunchTests.swift */ = {isa = PBXFileReference; lastKnownFileType = sourcecode.swift; path = viperexampleUITestsLaunchTests.swift; sourceTree = "<group>"; };
		9ABE1D6B2BD89E5300C3C6F4 /* View.swift */ = {isa = PBXFileReference; lastKnownFileType = sourcecode.swift; path = View.swift; sourceTree = "<group>"; };
		9ABE1D6D2BD89E6200C3C6F4 /* Interactor.swift */ = {isa = PBXFileReference; lastKnownFileType = sourcecode.swift; path = Interactor.swift; sourceTree = "<group>"; };
		9ABE1D6F2BD89E6F00C3C6F4 /* Presenter.swift */ = {isa = PBXFileReference; lastKnownFileType = sourcecode.swift; path = Presenter.swift; sourceTree = "<group>"; };
		9ABE1D712BD89E8300C3C6F4 /* Entity.swift */ = {isa = PBXFileReference; lastKnownFileType = sourcecode.swift; path = Entity.swift; sourceTree = "<group>"; };
		9ABE1D732BD89E8E00C3C6F4 /* Router.swift */ = {isa = PBXFileReference; lastKnownFileType = sourcecode.swift; path = Router.swift; sourceTree = "<group>"; };
/* End PBXFileReference section */

/* Begin PBXFrameworksBuildPhase section */
		9ABE1D342BD89D5400C3C6F4 /* Frameworks */ = {
			isa = PBXFrameworksBuildPhase;
			buildActionMask = 2147483647;
			files = (
			);
			runOnlyForDeploymentPostprocessing = 0;
		};
		9ABE1D4A2BD89D5600C3C6F4 /* Frameworks */ = {
			isa = PBXFrameworksBuildPhase;
			buildActionMask = 2147483647;
			files = (
			);
			runOnlyForDeploymentPostprocessing = 0;
		};
		9ABE1D542BD89D5600C3C6F4 /* Frameworks */ = {
			isa = PBXFrameworksBuildPhase;
			buildActionMask = 2147483647;
			files = (
			);
			runOnlyForDeploymentPostprocessing = 0;
		};
/* End PBXFrameworksBuildPhase section */

/* Begin PBXGroup section */
		9ABE1D2E2BD89D5400C3C6F4 = {
			isa = PBXGroup;
			children = (
				9ABE1D6A2BD89E4400C3C6F4 /* VIPER */,
				9ABE1D392BD89D5400C3C6F4 /* viperexample */,
				9ABE1D502BD89D5600C3C6F4 /* viperexampleTests */,
				9ABE1D5A2BD89D5600C3C6F4 /* viperexampleUITests */,
				9ABE1D382BD89D5400C3C6F4 /* Products */,
			);
			sourceTree = "<group>";
		};
		9ABE1D382BD89D5400C3C6F4 /* Products */ = {
			isa = PBXGroup;
			children = (
				9ABE1D372BD89D5400C3C6F4 /* viperexample.app */,
				9ABE1D4D2BD89D5600C3C6F4 /* viperexampleTests.xctest */,
				9ABE1D572BD89D5600C3C6F4 /* viperexampleUITests.xctest */,
			);
			name = Products;
			sourceTree = "<group>";
		};
		9ABE1D392BD89D5400C3C6F4 /* viperexample */ = {
			isa = PBXGroup;
			children = (
				9ABE1D3A2BD89D5400C3C6F4 /* AppDelegate.swift */,
				9ABE1D3C2BD89D5400C3C6F4 /* SceneDelegate.swift */,
				9ABE1D432BD89D5600C3C6F4 /* Assets.xcassets */,
				9ABE1D452BD89D5600C3C6F4 /* LaunchScreen.storyboard */,
				9ABE1D482BD89D5600C3C6F4 /* Info.plist */,
			);
			path = viperexample;
			sourceTree = "<group>";
		};
		9ABE1D502BD89D5600C3C6F4 /* viperexampleTests */ = {
			isa = PBXGroup;
			children = (
				9A859C502BDA0F2C003A4418 /* UsersTableVCTests.swift */,
			);
			path = viperexampleTests;
			sourceTree = "<group>";
		};
		9ABE1D5A2BD89D5600C3C6F4 /* viperexampleUITests */ = {
			isa = PBXGroup;
			children = (
				9ABE1D5B2BD89D5600C3C6F4 /* viperexampleUITests.swift */,
				9ABE1D5D2BD89D5600C3C6F4 /* viperexampleUITestsLaunchTests.swift */,
			);
			path = viperexampleUITests;
			sourceTree = "<group>";
		};
		9ABE1D6A2BD89E4400C3C6F4 /* VIPER */ = {
			isa = PBXGroup;
			children = (
				9ABE1D6B2BD89E5300C3C6F4 /* View.swift */,
				9ABE1D6D2BD89E6200C3C6F4 /* Interactor.swift */,
				9ABE1D6F2BD89E6F00C3C6F4 /* Presenter.swift */,
				9ABE1D712BD89E8300C3C6F4 /* Entity.swift */,
				9ABE1D732BD89E8E00C3C6F4 /* Router.swift */,
				9A859C522BDA3985003A4418 /* UserViewController+Extension.swift */,
			);
			path = VIPER;
			sourceTree = "<group>";
		};
/* End PBXGroup section */

/* Begin PBXNativeTarget section */
		9ABE1D362BD89D5400C3C6F4 /* viperexample */ = {
			isa = PBXNativeTarget;
			buildConfigurationList = 9ABE1D612BD89D5600C3C6F4 /* Build configuration list for PBXNativeTarget "viperexample" */;
			buildPhases = (
				9ABE1D332BD89D5400C3C6F4 /* Sources */,
				9ABE1D342BD89D5400C3C6F4 /* Frameworks */,
				9ABE1D352BD89D5400C3C6F4 /* Resources */,
			);
			buildRules = (
			);
			dependencies = (
			);
			name = viperexample;
			productName = viperexample;
			productReference = 9ABE1D372BD89D5400C3C6F4 /* viperexample.app */;
			productType = "com.apple.product-type.application";
		};
		9ABE1D4C2BD89D5600C3C6F4 /* viperexampleTests */ = {
			isa = PBXNativeTarget;
			buildConfigurationList = 9ABE1D642BD89D5600C3C6F4 /* Build configuration list for PBXNativeTarget "viperexampleTests" */;
			buildPhases = (
				9ABE1D492BD89D5600C3C6F4 /* Sources */,
				9ABE1D4A2BD89D5600C3C6F4 /* Frameworks */,
				9ABE1D4B2BD89D5600C3C6F4 /* Resources */,
			);
			buildRules = (
			);
			dependencies = (
				9ABE1D4F2BD89D5600C3C6F4 /* PBXTargetDependency */,
			);
			name = viperexampleTests;
			productName = viperexampleTests;
			productReference = 9ABE1D4D2BD89D5600C3C6F4 /* viperexampleTests.xctest */;
			productType = "com.apple.product-type.bundle.unit-test";
		};
		9ABE1D562BD89D5600C3C6F4 /* viperexampleUITests */ = {
			isa = PBXNativeTarget;
			buildConfigurationList = 9ABE1D672BD89D5600C3C6F4 /* Build configuration list for PBXNativeTarget "viperexampleUITests" */;
			buildPhases = (
				9ABE1D532BD89D5600C3C6F4 /* Sources */,
				9ABE1D542BD89D5600C3C6F4 /* Frameworks */,
				9ABE1D552BD89D5600C3C6F4 /* Resources */,
			);
			buildRules = (
			);
			dependencies = (
				9ABE1D592BD89D5600C3C6F4 /* PBXTargetDependency */,
			);
			name = viperexampleUITests;
			productName = viperexampleUITests;
			productReference = 9ABE1D572BD89D5600C3C6F4 /* viperexampleUITests.xctest */;
			productType = "com.apple.product-type.bundle.ui-testing";
		};
/* End PBXNativeTarget section */

/* Begin PBXProject section */
		9ABE1D2F2BD89D5400C3C6F4 /* Project object */ = {
			isa = PBXProject;
			attributes = {
				BuildIndependentTargetsInParallel = 1;
				LastSwiftUpdateCheck = 1530;
				LastUpgradeCheck = 1530;
				TargetAttributes = {
					9ABE1D362BD89D5400C3C6F4 = {
						CreatedOnToolsVersion = 15.3;
					};
					9ABE1D4C2BD89D5600C3C6F4 = {
						CreatedOnToolsVersion = 15.3;
						LastSwiftMigration = 1530;
						TestTargetID = 9ABE1D362BD89D5400C3C6F4;
					};
					9ABE1D562BD89D5600C3C6F4 = {
						CreatedOnToolsVersion = 15.3;
						TestTargetID = 9ABE1D362BD89D5400C3C6F4;
					};
				};
			};
			buildConfigurationList = 9ABE1D322BD89D5400C3C6F4 /* Build configuration list for PBXProject "viperexample" */;
			compatibilityVersion = "Xcode 14.0";
			developmentRegion = en;
			hasScannedForEncodings = 0;
			knownRegions = (
				en,
				Base,
			);
			mainGroup = 9ABE1D2E2BD89D5400C3C6F4;
			productRefGroup = 9ABE1D382BD89D5400C3C6F4 /* Products */;
			projectDirPath = "";
			projectRoot = "";
			targets = (
				9ABE1D362BD89D5400C3C6F4 /* viperexample */,
				9ABE1D4C2BD89D5600C3C6F4 /* viperexampleTests */,
				9ABE1D562BD89D5600C3C6F4 /* viperexampleUITests */,
			);
		};
/* End PBXProject section */

/* Begin PBXResourcesBuildPhase section */
		9ABE1D352BD89D5400C3C6F4 /* Resources */ = {
			isa = PBXResourcesBuildPhase;
			buildActionMask = 2147483647;
			files = (
				9ABE1D442BD89D5600C3C6F4 /* Assets.xcassets in Resources */,
				9ABE1D472BD89D5600C3C6F4 /* Base in Resources */,
			);
			runOnlyForDeploymentPostprocessing = 0;
		};
		9ABE1D4B2BD89D5600C3C6F4 /* Resources */ = {
			isa = PBXResourcesBuildPhase;
			buildActionMask = 2147483647;
			files = (
			);
			runOnlyForDeploymentPostprocessing = 0;
		};
		9ABE1D552BD89D5600C3C6F4 /* Resources */ = {
			isa = PBXResourcesBuildPhase;
			buildActionMask = 2147483647;
			files = (
			);
			runOnlyForDeploymentPostprocessing = 0;
		};
/* End PBXResourcesBuildPhase section */

/* Begin PBXSourcesBuildPhase section */
		9ABE1D332BD89D5400C3C6F4 /* Sources */ = {
			isa = PBXSourcesBuildPhase;
			buildActionMask = 2147483647;
			files = (
				9ABE1D742BD89E8E00C3C6F4 /* Router.swift in Sources */,
				9ABE1D702BD89E6F00C3C6F4 /* Presenter.swift in Sources */,
				9ABE1D6C2BD89E5300C3C6F4 /* View.swift in Sources */,
				9ABE1D722BD89E8300C3C6F4 /* Entity.swift in Sources */,
				9ABE1D6E2BD89E6200C3C6F4 /* Interactor.swift in Sources */,
				9ABE1D3B2BD89D5400C3C6F4 /* AppDelegate.swift in Sources */,
				9ABE1D3D2BD89D5400C3C6F4 /* SceneDelegate.swift in Sources */,
			);
			runOnlyForDeploymentPostprocessing = 0;
		};
		9ABE1D492BD89D5600C3C6F4 /* Sources */ = {
			isa = PBXSourcesBuildPhase;
			buildActionMask = 2147483647;
			files = (
				9A859C512BDA0F2C003A4418 /* UsersTableVCTests.swift in Sources */,
				9A859C532BDA3985003A4418 /* UserViewController+Extension.swift in Sources */,
			);
			runOnlyForDeploymentPostprocessing = 0;
		};
		9ABE1D532BD89D5600C3C6F4 /* Sources */ = {
			isa = PBXSourcesBuildPhase;
			buildActionMask = 2147483647;
			files = (
				9ABE1D5E2BD89D5600C3C6F4 /* viperexampleUITestsLaunchTests.swift in Sources */,
				9ABE1D5C2BD89D5600C3C6F4 /* viperexampleUITests.swift in Sources */,
			);
			runOnlyForDeploymentPostprocessing = 0;
		};
/* End PBXSourcesBuildPhase section */

/* Begin PBXTargetDependency section */
		9ABE1D4F2BD89D5600C3C6F4 /* PBXTargetDependency */ = {
			isa = PBXTargetDependency;
			target = 9ABE1D362BD89D5400C3C6F4 /* viperexample */;
			targetProxy = 9ABE1D4E2BD89D5600C3C6F4 /* PBXContainerItemProxy */;
		};
		9ABE1D592BD89D5600C3C6F4 /* PBXTargetDependency */ = {
			isa = PBXTargetDependency;
			target = 9ABE1D362BD89D5400C3C6F4 /* viperexample */;
			targetProxy = 9ABE1D582BD89D5600C3C6F4 /* PBXContainerItemProxy */;
		};
/* End PBXTargetDependency section */

/* Begin PBXVariantGroup section */
		9ABE1D452BD89D5600C3C6F4 /* LaunchScreen.storyboard */ = {
			isa = PBXVariantGroup;
			children = (
				9ABE1D462BD89D5600C3C6F4 /* Base */,
			);
			name = LaunchScreen.storyboard;
			sourceTree = "<group>";
		};
/* End PBXVariantGroup section */

/* Begin XCBuildConfiguration section */
		9ABE1D5F2BD89D5600C3C6F4 /* Debug */ = {
			isa = XCBuildConfiguration;
			buildSettings = {
				ALWAYS_SEARCH_USER_PATHS = NO;
				ASSETCATALOG_COMPILER_GENERATE_SWIFT_ASSET_SYMBOL_EXTENSIONS = YES;
				CLANG_ANALYZER_NONNULL = YES;
				CLANG_ANALYZER_NUMBER_OBJECT_CONVERSION = YES_AGGRESSIVE;
				CLANG_CXX_LANGUAGE_STANDARD = "gnu++20";
				CLANG_ENABLE_MODULES = YES;
				CLANG_ENABLE_OBJC_ARC = YES;
				CLANG_ENABLE_OBJC_WEAK = YES;
				CLANG_WARN_BLOCK_CAPTURE_AUTORELEASING = YES;
				CLANG_WARN_BOOL_CONVERSION = YES;
				CLANG_WARN_COMMA = YES;
				CLANG_WARN_CONSTANT_CONVERSION = YES;
				CLANG_WARN_DEPRECATED_OBJC_IMPLEMENTATIONS = YES;
				CLANG_WARN_DIRECT_OBJC_ISA_USAGE = YES_ERROR;
				CLANG_WARN_DOCUMENTATION_COMMENTS = YES;
				CLANG_WARN_EMPTY_BODY = YES;
				CLANG_WARN_ENUM_CONVERSION = YES;
				CLANG_WARN_INFINITE_RECURSION = YES;
				CLANG_WARN_INT_CONVERSION = YES;
				CLANG_WARN_NON_LITERAL_NULL_CONVERSION = YES;
				CLANG_WARN_OBJC_IMPLICIT_RETAIN_SELF = YES;
				CLANG_WARN_OBJC_LITERAL_CONVERSION = YES;
				CLANG_WARN_OBJC_ROOT_CLASS = YES_ERROR;
				CLANG_WARN_QUOTED_INCLUDE_IN_FRAMEWORK_HEADER = YES;
				CLANG_WARN_RANGE_LOOP_ANALYSIS = YES;
				CLANG_WARN_STRICT_PROTOTYPES = YES;
				CLANG_WARN_SUSPICIOUS_MOVE = YES;
				CLANG_WARN_UNGUARDED_AVAILABILITY = YES_AGGRESSIVE;
				CLANG_WARN_UNREACHABLE_CODE = YES;
				CLANG_WARN__DUPLICATE_METHOD_MATCH = YES;
				COPY_PHASE_STRIP = NO;
				DEBUG_INFORMATION_FORMAT = dwarf;
				ENABLE_STRICT_OBJC_MSGSEND = YES;
				ENABLE_TESTABILITY = YES;
				ENABLE_USER_SCRIPT_SANDBOXING = YES;
				GCC_C_LANGUAGE_STANDARD = gnu17;
				GCC_DYNAMIC_NO_PIC = NO;
				GCC_NO_COMMON_BLOCKS = YES;
				GCC_OPTIMIZATION_LEVEL = 0;
				GCC_PREPROCESSOR_DEFINITIONS = (
					"DEBUG=1",
					"$(inherited)",
				);
				GCC_WARN_64_TO_32_BIT_CONVERSION = YES;
				GCC_WARN_ABOUT_RETURN_TYPE = YES_ERROR;
				GCC_WARN_UNDECLARED_SELECTOR = YES;
				GCC_WARN_UNINITIALIZED_AUTOS = YES_AGGRESSIVE;
				GCC_WARN_UNUSED_FUNCTION = YES;
				GCC_WARN_UNUSED_VARIABLE = YES;
				IPHONEOS_DEPLOYMENT_TARGET = 17.4;
				LOCALIZATION_PREFERS_STRING_CATALOGS = YES;
				MTL_ENABLE_DEBUG_INFO = INCLUDE_SOURCE;
				MTL_FAST_MATH = YES;
				ONLY_ACTIVE_ARCH = YES;
				SDKROOT = iphoneos;
				SWIFT_ACTIVE_COMPILATION_CONDITIONS = "DEBUG $(inherited)";
				SWIFT_OPTIMIZATION_LEVEL = "-Onone";
			};
			name = Debug;
		};
		9ABE1D602BD89D5600C3C6F4 /* Release */ = {
			isa = XCBuildConfiguration;
			buildSettings = {
				ALWAYS_SEARCH_USER_PATHS = NO;
				ASSETCATALOG_COMPILER_GENERATE_SWIFT_ASSET_SYMBOL_EXTENSIONS = YES;
				CLANG_ANALYZER_NONNULL = YES;
				CLANG_ANALYZER_NUMBER_OBJECT_CONVERSION = YES_AGGRESSIVE;
				CLANG_CXX_LANGUAGE_STANDARD = "gnu++20";
				CLANG_ENABLE_MODULES = YES;
				CLANG_ENABLE_OBJC_ARC = YES;
				CLANG_ENABLE_OBJC_WEAK = YES;
				CLANG_WARN_BLOCK_CAPTURE_AUTORELEASING = YES;
				CLANG_WARN_BOOL_CONVERSION = YES;
				CLANG_WARN_COMMA = YES;
				CLANG_WARN_CONSTANT_CONVERSION = YES;
				CLANG_WARN_DEPRECATED_OBJC_IMPLEMENTATIONS = YES;
				CLANG_WARN_DIRECT_OBJC_ISA_USAGE = YES_ERROR;
				CLANG_WARN_DOCUMENTATION_COMMENTS = YES;
				CLANG_WARN_EMPTY_BODY = YES;
				CLANG_WARN_ENUM_CONVERSION = YES;
				CLANG_WARN_INFINITE_RECURSION = YES;
				CLANG_WARN_INT_CONVERSION = YES;
				CLANG_WARN_NON_LITERAL_NULL_CONVERSION = YES;
				CLANG_WARN_OBJC_IMPLICIT_RETAIN_SELF = YES;
				CLANG_WARN_OBJC_LITERAL_CONVERSION = YES;
				CLANG_WARN_OBJC_ROOT_CLASS = YES_ERROR;
				CLANG_WARN_QUOTED_INCLUDE_IN_FRAMEWORK_HEADER = YES;
				CLANG_WARN_RANGE_LOOP_ANALYSIS = YES;
				CLANG_WARN_STRICT_PROTOTYPES = YES;
				CLANG_WARN_SUSPICIOUS_MOVE = YES;
				CLANG_WARN_UNGUARDED_AVAILABILITY = YES_AGGRESSIVE;
				CLANG_WARN_UNREACHABLE_CODE = YES;
				CLANG_WARN__DUPLICATE_METHOD_MATCH = YES;
				COPY_PHASE_STRIP = NO;
				DEBUG_INFORMATION_FORMAT = "dwarf-with-dsym";
				ENABLE_NS_ASSERTIONS = NO;
				ENABLE_STRICT_OBJC_MSGSEND = YES;
				ENABLE_USER_SCRIPT_SANDBOXING = YES;
				GCC_C_LANGUAGE_STANDARD = gnu17;
				GCC_NO_COMMON_BLOCKS = YES;
				GCC_WARN_64_TO_32_BIT_CONVERSION = YES;
				GCC_WARN_ABOUT_RETURN_TYPE = YES_ERROR;
				GCC_WARN_UNDECLARED_SELECTOR = YES;
				GCC_WARN_UNINITIALIZED_AUTOS = YES_AGGRESSIVE;
				GCC_WARN_UNUSED_FUNCTION = YES;
				GCC_WARN_UNUSED_VARIABLE = YES;
				IPHONEOS_DEPLOYMENT_TARGET = 17.4;
				LOCALIZATION_PREFERS_STRING_CATALOGS = YES;
				MTL_ENABLE_DEBUG_INFO = NO;
				MTL_FAST_MATH = YES;
				SDKROOT = iphoneos;
				SWIFT_COMPILATION_MODE = wholemodule;
				VALIDATE_PRODUCT = YES;
			};
			name = Release;
		};
		9ABE1D622BD89D5600C3C6F4 /* Debug */ = {
			isa = XCBuildConfiguration;
			buildSettings = {
				ASSETCATALOG_COMPILER_APPICON_NAME = AppIcon;
				ASSETCATALOG_COMPILER_GLOBAL_ACCENT_COLOR_NAME = AccentColor;
				CODE_SIGN_STYLE = Automatic;
				CURRENT_PROJECT_VERSION = 1;
				DEVELOPMENT_TEAM = 3D6TB2F5RY;
				GENERATE_INFOPLIST_FILE = YES;
				INFOPLIST_FILE = viperexample/Info.plist;
				INFOPLIST_KEY_UIApplicationSupportsIndirectInputEvents = YES;
				INFOPLIST_KEY_UILaunchStoryboardName = LaunchScreen;
				INFOPLIST_KEY_UISupportedInterfaceOrientations_iPad = "UIInterfaceOrientationPortrait UIInterfaceOrientationPortraitUpsideDown UIInterfaceOrientationLandscapeLeft UIInterfaceOrientationLandscapeRight";
				INFOPLIST_KEY_UISupportedInterfaceOrientations_iPhone = "UIInterfaceOrientationPortrait UIInterfaceOrientationLandscapeLeft UIInterfaceOrientationLandscapeRight";
				LD_RUNPATH_SEARCH_PATHS = (
					"$(inherited)",
					"@executable_path/Frameworks",
				);
				MARKETING_VERSION = 1.0;
				PRODUCT_BUNDLE_IDENTIFIER = com.viper.example.viperexample;
				PRODUCT_NAME = "$(TARGET_NAME)";
				SWIFT_EMIT_LOC_STRINGS = YES;
				SWIFT_VERSION = 5.0;
				TARGETED_DEVICE_FAMILY = "1,2";
			};
			name = Debug;
		};
		9ABE1D632BD89D5600C3C6F4 /* Release */ = {
			isa = XCBuildConfiguration;
			buildSettings = {
				ASSETCATALOG_COMPILER_APPICON_NAME = AppIcon;
				ASSETCATALOG_COMPILER_GLOBAL_ACCENT_COLOR_NAME = AccentColor;
				CODE_SIGN_STYLE = Automatic;
				CURRENT_PROJECT_VERSION = 1;
				DEVELOPMENT_TEAM = 3D6TB2F5RY;
				GENERATE_INFOPLIST_FILE = YES;
				INFOPLIST_FILE = viperexample/Info.plist;
				INFOPLIST_KEY_UIApplicationSupportsIndirectInputEvents = YES;
				INFOPLIST_KEY_UILaunchStoryboardName = LaunchScreen;
				INFOPLIST_KEY_UISupportedInterfaceOrientations_iPad = "UIInterfaceOrientationPortrait UIInterfaceOrientationPortraitUpsideDown UIInterfaceOrientationLandscapeLeft UIInterfaceOrientationLandscapeRight";
				INFOPLIST_KEY_UISupportedInterfaceOrientations_iPhone = "UIInterfaceOrientationPortrait UIInterfaceOrientationLandscapeLeft UIInterfaceOrientationLandscapeRight";
				LD_RUNPATH_SEARCH_PATHS = (
					"$(inherited)",
					"@executable_path/Frameworks",
				);
				MARKETING_VERSION = 1.0;
				PRODUCT_BUNDLE_IDENTIFIER = com.viper.example.viperexample;
				PRODUCT_NAME = "$(TARGET_NAME)";
				SWIFT_EMIT_LOC_STRINGS = YES;
				SWIFT_VERSION = 5.0;
				TARGETED_DEVICE_FAMILY = "1,2";
			};
			name = Release;
		};
		9ABE1D652BD89D5600C3C6F4 /* Debug */ = {
			isa = XCBuildConfiguration;
			buildSettings = {
				ALWAYS_EMBED_SWIFT_STANDARD_LIBRARIES = YES;
				BUNDLE_LOADER = "$(TEST_HOST)";
				CLANG_ENABLE_MODULES = YES;
				CODE_SIGN_STYLE = Automatic;
				CURRENT_PROJECT_VERSION = 1;
				DEVELOPMENT_TEAM = 3D6TB2F5RY;
				GENERATE_INFOPLIST_FILE = YES;
				IPHONEOS_DEPLOYMENT_TARGET = 17.4;
				MARKETING_VERSION = 1.0;
				PRODUCT_BUNDLE_IDENTIFIER = com.viper.example.viperexampleTests;
				PRODUCT_NAME = "$(TARGET_NAME)";
				SWIFT_EMIT_LOC_STRINGS = NO;
				SWIFT_OBJC_BRIDGING_HEADER = "";
				SWIFT_OPTIMIZATION_LEVEL = "-Onone";
				SWIFT_PRECOMPILE_BRIDGING_HEADER = YES;
				SWIFT_VERSION = 5.0;
				TARGETED_DEVICE_FAMILY = "1,2";
				TEST_HOST = "$(BUILT_PRODUCTS_DIR)/viperexample.app/$(BUNDLE_EXECUTABLE_FOLDER_PATH)/viperexample";
			};
			name = Debug;
		};
		9ABE1D662BD89D5600C3C6F4 /* Release */ = {
			isa = XCBuildConfiguration;
			buildSettings = {
				ALWAYS_EMBED_SWIFT_STANDARD_LIBRARIES = YES;
				BUNDLE_LOADER = "$(TEST_HOST)";
				CLANG_ENABLE_MODULES = YES;
				CODE_SIGN_STYLE = Automatic;
				CURRENT_PROJECT_VERSION = 1;
				DEVELOPMENT_TEAM = 3D6TB2F5RY;
				GENERATE_INFOPLIST_FILE = YES;
				IPHONEOS_DEPLOYMENT_TARGET = 17.4;
				MARKETING_VERSION = 1.0;
				PRODUCT_BUNDLE_IDENTIFIER = com.viper.example.viperexampleTests;
				PRODUCT_NAME = "$(TARGET_NAME)";
				SWIFT_EMIT_LOC_STRINGS = NO;
				SWIFT_OBJC_BRIDGING_HEADER = "";
				SWIFT_PRECOMPILE_BRIDGING_HEADER = YES;
				SWIFT_VERSION = 5.0;
				TARGETED_DEVICE_FAMILY = "1,2";
				TEST_HOST = "$(BUILT_PRODUCTS_DIR)/viperexample.app/$(BUNDLE_EXECUTABLE_FOLDER_PATH)/viperexample";
			};
			name = Release;
		};
		9ABE1D682BD89D5600C3C6F4 /* Debug */ = {
			isa = XCBuildConfiguration;
			buildSettings = {
				ALWAYS_EMBED_SWIFT_STANDARD_LIBRARIES = YES;
				CODE_SIGN_STYLE = Automatic;
				CURRENT_PROJECT_VERSION = 1;
				DEVELOPMENT_TEAM = 3D6TB2F5RY;
				GENERATE_INFOPLIST_FILE = YES;
				MARKETING_VERSION = 1.0;
				PRODUCT_BUNDLE_IDENTIFIER = com.viper.example.viperexampleUITests;
				PRODUCT_NAME = "$(TARGET_NAME)";
				SWIFT_EMIT_LOC_STRINGS = NO;
				SWIFT_VERSION = 5.0;
				TARGETED_DEVICE_FAMILY = "1,2";
				TEST_TARGET_NAME = viperexample;
			};
			name = Debug;
		};
		9ABE1D692BD89D5600C3C6F4 /* Release */ = {
			isa = XCBuildConfiguration;
			buildSettings = {
				ALWAYS_EMBED_SWIFT_STANDARD_LIBRARIES = YES;
				CODE_SIGN_STYLE = Automatic;
				CURRENT_PROJECT_VERSION = 1;
				DEVELOPMENT_TEAM = 3D6TB2F5RY;
				GENERATE_INFOPLIST_FILE = YES;
				MARKETING_VERSION = 1.0;
				PRODUCT_BUNDLE_IDENTIFIER = com.viper.example.viperexampleUITests;
				PRODUCT_NAME = "$(TARGET_NAME)";
				SWIFT_EMIT_LOC_STRINGS = NO;
				SWIFT_VERSION = 5.0;
				TARGETED_DEVICE_FAMILY = "1,2";
				TEST_TARGET_NAME = viperexample;
			};
			name = Release;
		};
/* End XCBuildConfiguration section */

/* Begin XCConfigurationList section */
		9ABE1D322BD89D5400C3C6F4 /* Build configuration list for PBXProject "viperexample" */ = {
			isa = XCConfigurationList;
			buildConfigurations = (
				9ABE1D5F2BD89D5600C3C6F4 /* Debug */,
				9ABE1D602BD89D5600C3C6F4 /* Release */,
			);
			defaultConfigurationIsVisible = 0;
			defaultConfigurationName = Release;
		};
		9ABE1D612BD89D5600C3C6F4 /* Build configuration list for PBXNativeTarget "viperexample" */ = {
			isa = XCConfigurationList;
			buildConfigurations = (
				9ABE1D622BD89D5600C3C6F4 /* Debug */,
				9ABE1D632BD89D5600C3C6F4 /* Release */,
			);
			defaultConfigurationIsVisible = 0;
			defaultConfigurationName = Release;
		};
		9ABE1D642BD89D5600C3C6F4 /* Build configuration list for PBXNativeTarget "viperexampleTests" */ = {
			isa = XCConfigurationList;
			buildConfigurations = (
				9ABE1D652BD89D5600C3C6F4 /* Debug */,
				9ABE1D662BD89D5600C3C6F4 /* Release */,
			);
			defaultConfigurationIsVisible = 0;
			defaultConfigurationName = Release;
		};
		9ABE1D672BD89D5600C3C6F4 /* Build configuration list for PBXNativeTarget "viperexampleUITests" */ = {
			isa = XCConfigurationList;
			buildConfigurations = (
				9ABE1D682BD89D5600C3C6F4 /* Debug */,
				9ABE1D692BD89D5600C3C6F4 /* Release */,
			);
			defaultConfigurationIsVisible = 0;
			defaultConfigurationName = Release;
		};
/* End XCConfigurationList section */
	};
	rootObject = 9ABE1D2F2BD89D5400C3C6F4 /* Project object */;
}
